{
  "version": "1.0",
  "packages": {
    "redis.io@8.10.1": {
      "name": "redis.io",
      "version": "8.10.1",
      "resolved": "registry:redis.io@8.10.1"
    },
    "bun.sh@1.3.14": {
      "name": "bun.sh",
      "version": "1.3.14",
      "resolved": "registry:bun.sh@1.3.14"
    },
    "curl.se/ca-certs@2026.3.19": {
      "name": "curl.se/ca-certs",
      "version": "2026.3.19",
      "resolved": "registry:curl.se/ca-certs@2026.3.19"
    },
    "openssl.org@1.1.1w": {
      "name": "openssl.org",
      "version": "1.1.1w",
      "resolved": "registry:openssl.org@1.1.1w"
    }
  }
}
